
Microsoft Visual Studio Solution File, Format Version 12.00
# Visual Studio Version 16
VisualStudioVersion = 16.0.31702.278
MinimumVisualStudioVersion = 10.0.40219.1
Project("{FAE04EC0-301F-11D3-BF4B-00C04F79EFBC}") = "Practice", "Practice.csproj", "{ACCAAFA2-D2DA-4EB2-877B-A62C71E8335D}"
EndProject
Global
	GlobalSection(SolutionConfigurationPlatforms) = preSolution
		Debug|Any CPU = Debug|Any CPU
		Release|Any CPU = Release|Any CPU
	EndGlobalSection
	GlobalSection(ProjectConfigurationPlatforms) = postSolution
		{ACCAAFA2-D2DA-4EB2-877B-A62C71E8335D}.Debug|Any CPU.ActiveCfg = Debug|Any CPU
		{ACCAAFA2-D2DA-4EB2-877B-A62C71E8335D}.Debug|Any CPU.Build.0 = Debug|Any CPU
		{ACCAAFA2-D2DA-4EB2-877B-A62C71E8335D}.Release|Any CPU.ActiveCfg = Release|Any CPU
		{ACCAAFA2-D2DA-4EB2-877B-A62C71E8335D}.Release|Any CPU.Build.0 = Release|Any CPU
	EndGlobalSection
	GlobalSection(SolutionProperties) = preSolution
		HideSolutionNode = FALSE
	EndGlobalSection
	GlobalSection(ExtensibilityGlobals) = postSolution
		SolutionGuid = {B2D50B96-45AE-47B8-9F72-57B121F3C477}
	EndGlobalSection
EndGlobal
